
Microsoft Visual Studio Solution File, Format Version 12.00
# Visual Studio Version 16
VisualStudioVersion = 16.0.31613.86
MinimumVisualStudioVersion = 10.0.40219.1
Project("{FAE04EC0-301F-11D3-BF4B-00C04F79EFBC}") = "TimesAzureFunctions.common", "TimesAzureFunctions.common\TimesAzureFunctions.common.csproj", "{34FD7B6A-9F44-4F87-8894-9F7C6C304578}"
EndProject
Project("{FAE04EC0-301F-11D3-BF4B-00C04F79EFBC}") = "TimesAzureFunctions.Function", "TimesAzureFunctions.Function\TimesAzureFunctions.Function.csproj", "{1A7D826F-A8E5-4C2B-A773-2E4BB76742B6}"
EndProject
Project("{FAE04EC0-301F-11D3-BF4B-00C04F79EFBC}") = "TimesAzureFunctions.Tests", "TimesAzureFunctions.Tests\TimesAzureFunctions.Tests.csproj", "{296251AF-8A4B-42EB-8D34-1B090F40A415}"
EndProject
Global
	GlobalSection(SolutionConfigurationPlatforms) = preSolution
		Debug|Any CPU = Debug|Any CPU
		Release|Any CPU = Release|Any CPU
	EndGlobalSection
	GlobalSection(ProjectConfigurationPlatforms) = postSolution
		{34FD7B6A-9F44-4F87-8894-9F7C6C304578}.Debug|Any CPU.ActiveCfg = Debug|Any CPU
		{34FD7B6A-9F44-4F87-8894-9F7C6C304578}.Debug|Any CPU.Build.0 = Debug|Any CPU
		{34FD7B6A-9F44-4F87-8894-9F7C6C304578}.Release|Any CPU.ActiveCfg = Release|Any CPU
		{34FD7B6A-9F44-4F87-8894-9F7C6C304578}.Release|Any CPU.Build.0 = Release|Any CPU
		{1A7D826F-A8E5-4C2B-A773-2E4BB76742B6}.Debug|Any CPU.ActiveCfg = Debug|Any CPU
		{1A7D826F-A8E5-4C2B-A773-2E4BB76742B6}.Debug|Any CPU.Build.0 = Debug|Any CPU
		{1A7D826F-A8E5-4C2B-A773-2E4BB76742B6}.Release|Any CPU.ActiveCfg = Release|Any CPU
		{1A7D826F-A8E5-4C2B-A773-2E4BB76742B6}.Release|Any CPU.Build.0 = Release|Any CPU
		{296251AF-8A4B-42EB-8D34-1B090F40A415}.Debug|Any CPU.ActiveCfg = Debug|Any CPU
		{296251AF-8A4B-42EB-8D34-1B090F40A415}.Debug|Any CPU.Build.0 = Debug|Any CPU
		{296251AF-8A4B-42EB-8D34-1B090F40A415}.Release|Any CPU.ActiveCfg = Release|Any CPU
		{296251AF-8A4B-42EB-8D34-1B090F40A415}.Release|Any CPU.Build.0 = Release|Any CPU
	EndGlobalSection
	GlobalSection(SolutionProperties) = preSolution
		HideSolutionNode = FALSE
	EndGlobalSection
	GlobalSection(ExtensibilityGlobals) = postSolution
		SolutionGuid = {74E47BF3-EEAB-4133-8534-D10BBFC48A84}
	EndGlobalSection
EndGlobal
